
Microsoft Visual Studio Solution File, Format Version 12.00
# Visual Studio Version 16
VisualStudioVersion = 16.0.31205.134
MinimumVisualStudioVersion = 10.0.40219.1
Project("{FAE04EC0-301F-11D3-BF4B-00C04F79EFBC}") = "BionicHand_BETA_2", "BionicHand_BETA_2\BionicHand_BETA_2.csproj", "{ED08EDD0-54C3-4D34-A288-57D5D541E686}"
EndProject
Global
	GlobalSection(SolutionConfigurationPlatforms) = preSolution
		Debug|Any CPU = Debug|Any CPU
		Release|Any CPU = Release|Any CPU
	EndGlobalSection
	GlobalSection(ProjectConfigurationPlatforms) = postSolution
		{ED08EDD0-54C3-4D34-A288-57D5D541E686}.Debug|Any CPU.ActiveCfg = Debug|Any CPU
		{ED08EDD0-54C3-4D34-A288-57D5D541E686}.Debug|Any CPU.Build.0 = Debug|Any CPU
		{ED08EDD0-54C3-4D34-A288-57D5D541E686}.Release|Any CPU.ActiveCfg = Release|Any CPU
		{ED08EDD0-54C3-4D34-A288-57D5D541E686}.Release|Any CPU.Build.0 = Release|Any CPU
	EndGlobalSection
	GlobalSection(SolutionProperties) = preSolution
		HideSolutionNode = FALSE
	EndGlobalSection
	GlobalSection(ExtensibilityGlobals) = postSolution
		SolutionGuid = {E6E53258-C20A-445F-8896-953C8615CE30}
	EndGlobalSection
EndGlobal
